
Microsoft Visual Studio Solution File, Format Version 12.00
# Visual Studio Version 16
VisualStudioVersion = 16.0.30204.135
MinimumVisualStudioVersion = 10.0.40219.1
Project("{9A19103F-16F7-4668-BE54-9A1E7A4F7556}") = "Eneter.SecureRemotePassword", "Eneter.SecureRemotePassword\Eneter.SecureRemotePassword.csproj", "{731D9DB2-6B27-44D5-BAAD-0A51D44D107A}"
EndProject
Global
	GlobalSection(SolutionConfigurationPlatforms) = preSolution
		AppStore|Any CPU = AppStore|Any CPU
		AppStore|ARM = AppStore|ARM
		AppStore|x86 = AppStore|x86
		Debug|Any CPU = Debug|Any CPU
		Debug|ARM = Debug|ARM
		Debug|x86 = Debug|x86
		Release|Any CPU = Release|Any CPU
		Release|ARM = Release|ARM
		Release|x86 = Release|x86
	EndGlobalSection
	GlobalSection(ProjectConfigurationPlatforms) = postSolution
		{731D9DB2-6B27-44D5-BAAD-0A51D44D107A}.AppStore|Any CPU.ActiveCfg = Debug|Any CPU
		{731D9DB2-6B27-44D5-BAAD-0A51D44D107A}.AppStore|Any CPU.Build.0 = Debug|Any CPU
		{731D9DB2-6B27-44D5-BAAD-0A51D44D107A}.AppStore|ARM.ActiveCfg = Debug|Any CPU
		{731D9DB2-6B27-44D5-BAAD-0A51D44D107A}.AppStore|ARM.Build.0 = Debug|Any CPU
		{731D9DB2-6B27-44D5-BAAD-0A51D44D107A}.AppStore|x86.ActiveCfg = Debug|Any CPU
		{731D9DB2-6B27-44D5-BAAD-0A51D44D107A}.AppStore|x86.Build.0 = Debug|Any CPU
		{731D9DB2-6B27-44D5-BAAD-0A51D44D107A}.Debug|Any CPU.ActiveCfg = Debug|Any CPU
		{731D9DB2-6B27-44D5-BAAD-0A51D44D107A}.Debug|Any CPU.Build.0 = Debug|Any CPU
		{731D9DB2-6B27-44D5-BAAD-0A51D44D107A}.Debug|ARM.ActiveCfg = Debug|Any CPU
		{731D9DB2-6B27-44D5-BAAD-0A51D44D107A}.Debug|ARM.Build.0 = Debug|Any CPU
		{731D9DB2-6B27-44D5-BAAD-0A51D44D107A}.Debug|x86.ActiveCfg = Debug|Any CPU
		{731D9DB2-6B27-44D5-BAAD-0A51D44D107A}.Debug|x86.Build.0 = Debug|Any CPU
		{731D9DB2-6B27-44D5-BAAD-0A51D44D107A}.Release|Any CPU.ActiveCfg = Release|Any CPU
		{731D9DB2-6B27-44D5-BAAD-0A51D44D107A}.Release|Any CPU.Build.0 = Release|Any CPU
		{731D9DB2-6B27-44D5-BAAD-0A51D44D107A}.Release|ARM.ActiveCfg = Release|Any CPU
		{731D9DB2-6B27-44D5-BAAD-0A51D44D107A}.Release|ARM.Build.0 = Release|Any CPU
		{731D9DB2-6B27-44D5-BAAD-0A51D44D107A}.Release|x86.ActiveCfg = Release|Any CPU
		{731D9DB2-6B27-44D5-BAAD-0A51D44D107A}.Release|x86.Build.0 = Release|Any CPU
	EndGlobalSection
	GlobalSection(SolutionProperties) = preSolution
		HideSolutionNode = FALSE
	EndGlobalSection
	GlobalSection(ExtensibilityGlobals) = postSolution
		SolutionGuid = {91134F23-5235-4EBE-82B4-EC0970C4160C}
	EndGlobalSection
EndGlobal
