
Microsoft Visual Studio Solution File, Format Version 12.00
# Visual Studio 15
VisualStudioVersion = 15.0.28307.421
MinimumVisualStudioVersion = 10.0.40219.1
Project("{FAE04EC0-301F-11D3-BF4B-00C04F79EFBC}") = "Eneter.SecureRemotePassword40", "Eneter.SecureRemotePassword\Eneter.SecureRemotePassword40.csproj", "{AC80AD11-6FE5-4000-B80C-68619F64962A}"
EndProject
Project("{FAE04EC0-301F-11D3-BF4B-00C04F79EFBC}") = "Eneter.SecureRemotePassword45", "Eneter.SecureRemotePassword\Eneter.SecureRemotePassword45.csproj", "{CDC9E8C7-3645-41A3-AA43-4F50F1DE1438}"
EndProject
Project("{FAE04EC0-301F-11D3-BF4B-00C04F79EFBC}") = "Eneter.SecureRemotePasswordAndroid", "Eneter.SecureRemotePassword\Eneter.SecureRemotePasswordAndroid.csproj", "{16ED1935-C7EF-4AAD-9267-948EEFD897B9}"
EndProject
Project("{FAE04EC0-301F-11D3-BF4B-00C04F79EFBC}") = "Eneter.SecureRemotePasswordiOS", "Eneter.SecureRemotePassword\Eneter.SecureRemotePasswordiOS.csproj", "{E14A37DA-5063-4021-935B-9627E4B2EC22}"
EndProject
Project("{9A19103F-16F7-4668-BE54-9A1E7A4F7556}") = "Eneter.SecureRemotePasswordStandard20", "Eneter.SecureRemotePassword\Eneter.SecureRemotePasswordStandard20.csproj", "{731D9DB2-6B27-44D5-BAAD-0A51D44D107A}"
EndProject
Global
	GlobalSection(SolutionConfigurationPlatforms) = preSolution
		AppStore|Any CPU = AppStore|Any CPU
		AppStore|ARM = AppStore|ARM
		AppStore|x86 = AppStore|x86
		Debug|Any CPU = Debug|Any CPU
		Debug|ARM = Debug|ARM
		Debug|x86 = Debug|x86
		Release|Any CPU = Release|Any CPU
		Release|ARM = Release|ARM
		Release|x86 = Release|x86
	EndGlobalSection
	GlobalSection(ProjectConfigurationPlatforms) = postSolution
		{AC80AD11-6FE5-4000-B80C-68619F64962A}.AppStore|Any CPU.ActiveCfg = Release|Any CPU
		{AC80AD11-6FE5-4000-B80C-68619F64962A}.AppStore|Any CPU.Build.0 = Release|Any CPU
		{AC80AD11-6FE5-4000-B80C-68619F64962A}.AppStore|ARM.ActiveCfg = Release|Any CPU
		{AC80AD11-6FE5-4000-B80C-68619F64962A}.AppStore|ARM.Build.0 = Release|Any CPU
		{AC80AD11-6FE5-4000-B80C-68619F64962A}.AppStore|x86.ActiveCfg = Release|Any CPU
		{AC80AD11-6FE5-4000-B80C-68619F64962A}.AppStore|x86.Build.0 = Release|Any CPU
		{AC80AD11-6FE5-4000-B80C-68619F64962A}.Debug|Any CPU.ActiveCfg = Debug|Any CPU
		{AC80AD11-6FE5-4000-B80C-68619F64962A}.Debug|Any CPU.Build.0 = Debug|Any CPU
		{AC80AD11-6FE5-4000-B80C-68619F64962A}.Debug|ARM.ActiveCfg = Debug|Any CPU
		{AC80AD11-6FE5-4000-B80C-68619F64962A}.Debug|ARM.Build.0 = Debug|Any CPU
		{AC80AD11-6FE5-4000-B80C-68619F64962A}.Debug|x86.ActiveCfg = Debug|Any CPU
		{AC80AD11-6FE5-4000-B80C-68619F64962A}.Debug|x86.Build.0 = Debug|Any CPU
		{AC80AD11-6FE5-4000-B80C-68619F64962A}.Release|Any CPU.ActiveCfg = Release|Any CPU
		{AC80AD11-6FE5-4000-B80C-68619F64962A}.Release|Any CPU.Build.0 = Release|Any CPU
		{AC80AD11-6FE5-4000-B80C-68619F64962A}.Release|ARM.ActiveCfg = Release|Any CPU
		{AC80AD11-6FE5-4000-B80C-68619F64962A}.Release|ARM.Build.0 = Release|Any CPU
		{AC80AD11-6FE5-4000-B80C-68619F64962A}.Release|x86.ActiveCfg = Release|Any CPU
		{AC80AD11-6FE5-4000-B80C-68619F64962A}.Release|x86.Build.0 = Release|Any CPU
		{CDC9E8C7-3645-41A3-AA43-4F50F1DE1438}.AppStore|Any CPU.ActiveCfg = Release|Any CPU
		{CDC9E8C7-3645-41A3-AA43-4F50F1DE1438}.AppStore|Any CPU.Build.0 = Release|Any CPU
		{CDC9E8C7-3645-41A3-AA43-4F50F1DE1438}.AppStore|ARM.ActiveCfg = Release|Any CPU
		{CDC9E8C7-3645-41A3-AA43-4F50F1DE1438}.AppStore|ARM.Build.0 = Release|Any CPU
		{CDC9E8C7-3645-41A3-AA43-4F50F1DE1438}.AppStore|x86.ActiveCfg = Release|Any CPU
		{CDC9E8C7-3645-41A3-AA43-4F50F1DE1438}.AppStore|x86.Build.0 = Release|Any CPU
		{CDC9E8C7-3645-41A3-AA43-4F50F1DE1438}.Debug|Any CPU.ActiveCfg = Debug|Any CPU
		{CDC9E8C7-3645-41A3-AA43-4F50F1DE1438}.Debug|Any CPU.Build.0 = Debug|Any CPU
		{CDC9E8C7-3645-41A3-AA43-4F50F1DE1438}.Debug|ARM.ActiveCfg = Debug|Any CPU
		{CDC9E8C7-3645-41A3-AA43-4F50F1DE1438}.Debug|ARM.Build.0 = Debug|Any CPU
		{CDC9E8C7-3645-41A3-AA43-4F50F1DE1438}.Debug|x86.ActiveCfg = Debug|Any CPU
		{CDC9E8C7-3645-41A3-AA43-4F50F1DE1438}.Debug|x86.Build.0 = Debug|Any CPU
		{CDC9E8C7-3645-41A3-AA43-4F50F1DE1438}.Release|Any CPU.ActiveCfg = Release|Any CPU
		{CDC9E8C7-3645-41A3-AA43-4F50F1DE1438}.Release|Any CPU.Build.0 = Release|Any CPU
		{CDC9E8C7-3645-41A3-AA43-4F50F1DE1438}.Release|ARM.ActiveCfg = Release|Any CPU
		{CDC9E8C7-3645-41A3-AA43-4F50F1DE1438}.Release|ARM.Build.0 = Release|Any CPU
		{CDC9E8C7-3645-41A3-AA43-4F50F1DE1438}.Release|x86.ActiveCfg = Release|Any CPU
		{CDC9E8C7-3645-41A3-AA43-4F50F1DE1438}.Release|x86.Build.0 = Release|Any CPU
		{16ED1935-C7EF-4AAD-9267-948EEFD897B9}.AppStore|Any CPU.ActiveCfg = Release|Any CPU
		{16ED1935-C7EF-4AAD-9267-948EEFD897B9}.AppStore|Any CPU.Build.0 = Release|Any CPU
		{16ED1935-C7EF-4AAD-9267-948EEFD897B9}.AppStore|ARM.ActiveCfg = Release|Any CPU
		{16ED1935-C7EF-4AAD-9267-948EEFD897B9}.AppStore|ARM.Build.0 = Release|Any CPU
		{16ED1935-C7EF-4AAD-9267-948EEFD897B9}.AppStore|x86.ActiveCfg = Release|Any CPU
		{16ED1935-C7EF-4AAD-9267-948EEFD897B9}.AppStore|x86.Build.0 = Release|Any CPU
		{16ED1935-C7EF-4AAD-9267-948EEFD897B9}.Debug|Any CPU.ActiveCfg = Debug|Any CPU
		{16ED1935-C7EF-4AAD-9267-948EEFD897B9}.Debug|Any CPU.Build.0 = Debug|Any CPU
		{16ED1935-C7EF-4AAD-9267-948EEFD897B9}.Debug|ARM.ActiveCfg = Debug|Any CPU
		{16ED1935-C7EF-4AAD-9267-948EEFD897B9}.Debug|ARM.Build.0 = Debug|Any CPU
		{16ED1935-C7EF-4AAD-9267-948EEFD897B9}.Debug|x86.ActiveCfg = Debug|Any CPU
		{16ED1935-C7EF-4AAD-9267-948EEFD897B9}.Debug|x86.Build.0 = Debug|Any CPU
		{16ED1935-C7EF-4AAD-9267-948EEFD897B9}.Release|Any CPU.ActiveCfg = Release|Any CPU
		{16ED1935-C7EF-4AAD-9267-948EEFD897B9}.Release|Any CPU.Build.0 = Release|Any CPU
		{16ED1935-C7EF-4AAD-9267-948EEFD897B9}.Release|ARM.ActiveCfg = Release|Any CPU
		{16ED1935-C7EF-4AAD-9267-948EEFD897B9}.Release|ARM.Build.0 = Release|Any CPU
		{16ED1935-C7EF-4AAD-9267-948EEFD897B9}.Release|x86.ActiveCfg = Release|Any CPU
		{16ED1935-C7EF-4AAD-9267-948EEFD897B9}.Release|x86.Build.0 = Release|Any CPU
		{E14A37DA-5063-4021-935B-9627E4B2EC22}.AppStore|Any CPU.ActiveCfg = Release|Any CPU
		{E14A37DA-5063-4021-935B-9627E4B2EC22}.AppStore|Any CPU.Build.0 = Release|Any CPU
		{E14A37DA-5063-4021-935B-9627E4B2EC22}.AppStore|ARM.ActiveCfg = Release|Any CPU
		{E14A37DA-5063-4021-935B-9627E4B2EC22}.AppStore|ARM.Build.0 = Release|Any CPU
		{E14A37DA-5063-4021-935B-9627E4B2EC22}.AppStore|x86.ActiveCfg = Release|Any CPU
		{E14A37DA-5063-4021-935B-9627E4B2EC22}.AppStore|x86.Build.0 = Release|Any CPU
		{E14A37DA-5063-4021-935B-9627E4B2EC22}.Debug|Any CPU.ActiveCfg = Debug|Any CPU
		{E14A37DA-5063-4021-935B-9627E4B2EC22}.Debug|Any CPU.Build.0 = Debug|Any CPU
		{E14A37DA-5063-4021-935B-9627E4B2EC22}.Debug|ARM.ActiveCfg = Debug|Any CPU
		{E14A37DA-5063-4021-935B-9627E4B2EC22}.Debug|ARM.Build.0 = Debug|Any CPU
		{E14A37DA-5063-4021-935B-9627E4B2EC22}.Debug|x86.ActiveCfg = Debug|Any CPU
		{E14A37DA-5063-4021-935B-9627E4B2EC22}.Debug|x86.Build.0 = Debug|Any CPU
		{E14A37DA-5063-4021-935B-9627E4B2EC22}.Release|Any CPU.ActiveCfg = Release|Any CPU
		{E14A37DA-5063-4021-935B-9627E4B2EC22}.Release|Any CPU.Build.0 = Release|Any CPU
		{E14A37DA-5063-4021-935B-9627E4B2EC22}.Release|ARM.ActiveCfg = Release|Any CPU
		{E14A37DA-5063-4021-935B-9627E4B2EC22}.Release|ARM.Build.0 = Release|Any CPU
		{E14A37DA-5063-4021-935B-9627E4B2EC22}.Release|x86.ActiveCfg = Release|Any CPU
		{E14A37DA-5063-4021-935B-9627E4B2EC22}.Release|x86.Build.0 = Release|Any CPU
		{731D9DB2-6B27-44D5-BAAD-0A51D44D107A}.AppStore|Any CPU.ActiveCfg = Debug|Any CPU
		{731D9DB2-6B27-44D5-BAAD-0A51D44D107A}.AppStore|Any CPU.Build.0 = Debug|Any CPU
		{731D9DB2-6B27-44D5-BAAD-0A51D44D107A}.AppStore|ARM.ActiveCfg = Debug|Any CPU
		{731D9DB2-6B27-44D5-BAAD-0A51D44D107A}.AppStore|ARM.Build.0 = Debug|Any CPU
		{731D9DB2-6B27-44D5-BAAD-0A51D44D107A}.AppStore|x86.ActiveCfg = Debug|Any CPU
		{731D9DB2-6B27-44D5-BAAD-0A51D44D107A}.AppStore|x86.Build.0 = Debug|Any CPU
		{731D9DB2-6B27-44D5-BAAD-0A51D44D107A}.Debug|Any CPU.ActiveCfg = Debug|Any CPU
		{731D9DB2-6B27-44D5-BAAD-0A51D44D107A}.Debug|Any CPU.Build.0 = Debug|Any CPU
		{731D9DB2-6B27-44D5-BAAD-0A51D44D107A}.Debug|ARM.ActiveCfg = Debug|Any CPU
		{731D9DB2-6B27-44D5-BAAD-0A51D44D107A}.Debug|ARM.Build.0 = Debug|Any CPU
		{731D9DB2-6B27-44D5-BAAD-0A51D44D107A}.Debug|x86.ActiveCfg = Debug|Any CPU
		{731D9DB2-6B27-44D5-BAAD-0A51D44D107A}.Debug|x86.Build.0 = Debug|Any CPU
		{731D9DB2-6B27-44D5-BAAD-0A51D44D107A}.Release|Any CPU.ActiveCfg = Release|Any CPU
		{731D9DB2-6B27-44D5-BAAD-0A51D44D107A}.Release|Any CPU.Build.0 = Release|Any CPU
		{731D9DB2-6B27-44D5-BAAD-0A51D44D107A}.Release|ARM.ActiveCfg = Release|Any CPU
		{731D9DB2-6B27-44D5-BAAD-0A51D44D107A}.Release|ARM.Build.0 = Release|Any CPU
		{731D9DB2-6B27-44D5-BAAD-0A51D44D107A}.Release|x86.ActiveCfg = Release|Any CPU
		{731D9DB2-6B27-44D5-BAAD-0A51D44D107A}.Release|x86.Build.0 = Release|Any CPU
	EndGlobalSection
	GlobalSection(SolutionProperties) = preSolution
		HideSolutionNode = FALSE
	EndGlobalSection
	GlobalSection(ExtensibilityGlobals) = postSolution
		SolutionGuid = {91134F23-5235-4EBE-82B4-EC0970C4160C}
	EndGlobalSection
EndGlobal
